
Microsoft Visual Studio Solution File, Format Version 12.00
# Visual Studio Version 17
VisualStudioVersion = 17.14.36623.8
MinimumVisualStudioVersion = 10.0.40219.1
Project("{FAE04EC0-301F-11D3-BF4B-00C04F79EFBC}") = "week7assignment", "week7assignment.csproj", "{06042B97-839B-40E9-8B6F-8D8B26C302CA}"
EndProject
Global
	GlobalSection(SolutionConfigurationPlatforms) = preSolution
		Debug|Any CPU = Debug|Any CPU
		Release|Any CPU = Release|Any CPU
	EndGlobalSection
	GlobalSection(ProjectConfigurationPlatforms) = postSolution
		{06042B97-839B-40E9-8B6F-8D8B26C302CA}.Debug|Any CPU.ActiveCfg = Debug|Any CPU
		{06042B97-839B-40E9-8B6F-8D8B26C302CA}.Debug|Any CPU.Build.0 = Debug|Any CPU
		{06042B97-839B-40E9-8B6F-8D8B26C302CA}.Release|Any CPU.ActiveCfg = Release|Any CPU
		{06042B97-839B-40E9-8B6F-8D8B26C302CA}.Release|Any CPU.Build.0 = Release|Any CPU
	EndGlobalSection
	GlobalSection(SolutionProperties) = preSolution
		HideSolutionNode = FALSE
	EndGlobalSection
	GlobalSection(ExtensibilityGlobals) = postSolution
		SolutionGuid = {57D5F7B1-E2A9-4874-BF6B-8EC75A4FD13E}
	EndGlobalSection
EndGlobal
